
Microsoft Visual Studio Solution File, Format Version 12.00
# Visual Studio 14
VisualStudioVersion = 14.0.24720.0
MinimumVisualStudioVersion = 10.0.40219.1
Project("{FAE04EC0-301F-11D3-BF4B-00C04F79EFBC}") = "SemVer.Svn.Fody", "SemVer.Svn.Fody\SemVer.Svn.Fody.csproj", "{A421CB55-CE9A-4804-B2AF-3C4915B462A9}"
EndProject
Project("{FAE04EC0-301F-11D3-BF4B-00C04F79EFBC}") = "SemVer.Git.Fody", "SemVer.Git.Fody\SemVer.Git.Fody.csproj", "{9674AAF9-2107-4BB6-9F93-129C2021296E}"
EndProject
Project("{FAE04EC0-301F-11D3-BF4B-00C04F79EFBC}") = "SemVer.Git.Fody.nupkg", "SemVer.Git.Fody.nupkg\SemVer.Git.Fody.nupkg.csproj", "{0451BAEF-DF2E-4B98-8644-94EE9415E389}"
	ProjectSection(ProjectDependencies) = postProject
		{486B6663-A23B-4C7E-8738-74FD130DD823} = {486B6663-A23B-4C7E-8738-74FD130DD823}
		{9674AAF9-2107-4BB6-9F93-129C2021296E} = {9674AAF9-2107-4BB6-9F93-129C2021296E}
	EndProjectSection
EndProject
Project("{2150E333-8FDC-42A3-9474-1A3956D46DE8}") = "Solution Items", "Solution Items", "{4F9F4CA8-7041-4DE4-9146-1B350F87FCD8}"
	ProjectSection(SolutionItems) = preProject
		CopyAssembliesToFinalOutput.targets = CopyAssembliesToFinalOutput.targets
		LICENSE = LICENSE
		README.md = README.md
	EndProjectSection
EndProject
Project("{FAE04EC0-301F-11D3-BF4B-00C04F79EFBC}") = "SemVer.Svn.Fody.nupkg", "SemVer.Svn.Fody.nupkg\SemVer.Svn.Fody.nupkg.csproj", "{61AC4173-090B-482C-80B8-032E0C86F8A9}"
	ProjectSection(ProjectDependencies) = postProject
		{49FF9F4D-F0B5-424F-B584-6ECFAE117D31} = {49FF9F4D-F0B5-424F-B584-6ECFAE117D31}
		{A421CB55-CE9A-4804-B2AF-3C4915B462A9} = {A421CB55-CE9A-4804-B2AF-3C4915B462A9}
	EndProjectSection
EndProject
Project("{FAE04EC0-301F-11D3-BF4B-00C04F79EFBC}") = "SemVer.Fody.Tests", "SemVer.Fody.Tests\SemVer.Fody.Tests.csproj", "{A45EE56A-AF2B-43EE-B85F-15825E527E80}"
EndProject
Project("{FAE04EC0-301F-11D3-BF4B-00C04F79EFBC}") = "SemVer.Git.Fody.Console", "SemVer.Git.Fody.Console\SemVer.Git.Fody.Console.csproj", "{486B6663-A23B-4C7E-8738-74FD130DD823}"
EndProject
Project("{FAE04EC0-301F-11D3-BF4B-00C04F79EFBC}") = "SemVer.Svn.Fody.Console", "SemVer.Svn.Fody.Console\SemVer.Svn.Fody.Console.csproj", "{49FF9F4D-F0B5-424F-B584-6ECFAE117D31}"
EndProject
Project("{FAE04EC0-301F-11D3-BF4B-00C04F79EFBC}") = "SemVer.Stamp", "SemVer.Stamp\SemVer.Stamp.csproj", "{44D81ACC-4145-4220-88C3-DD5D8FE7FB81}"
EndProject
Project("{FAE04EC0-301F-11D3-BF4B-00C04F79EFBC}") = "SemVer.Fody", "SemVer.Fody\SemVer.Fody.csproj", "{B9087E54-C162-48D5-B8A6-699947CCA112}"
EndProject
Project("{FAE04EC0-301F-11D3-BF4B-00C04F79EFBC}") = "SemVer.Stamp.Git", "SemVer.Stamp.Git\SemVer.Stamp.Git.csproj", "{799A40A4-2AD7-43C4-B707-A729888D3A71}"
EndProject
Project("{2150E333-8FDC-42A3-9474-1A3956D46DE8}") = "Git", "Git", "{63AAEEB3-57BA-47C4-A52A-088C12BFB802}"
EndProject
Project("{2150E333-8FDC-42A3-9474-1A3956D46DE8}") = "Svn", "Svn", "{956197C6-19C3-4A7C-A0C9-E18CF9B7BCDF}"
EndProject
Project("{FAE04EC0-301F-11D3-BF4B-00C04F79EFBC}") = "SemVer.Stamp.Svn", "SemVer.Stamp.Svn\SemVer.Stamp.Svn.csproj", "{BC16772E-21F8-451F-9B16-B65BF5C289A1}"
EndProject
Global
	GlobalSection(SolutionConfigurationPlatforms) = preSolution
		Debug|Mixed Platforms = Debug|Mixed Platforms
		Release|Mixed Platforms = Release|Mixed Platforms
	EndGlobalSection
	GlobalSection(ProjectConfigurationPlatforms) = postSolution
		{A421CB55-CE9A-4804-B2AF-3C4915B462A9}.Debug|Mixed Platforms.ActiveCfg = Debug|x86
		{A421CB55-CE9A-4804-B2AF-3C4915B462A9}.Debug|Mixed Platforms.Build.0 = Debug|x86
		{A421CB55-CE9A-4804-B2AF-3C4915B462A9}.Release|Mixed Platforms.ActiveCfg = Release|x86
		{A421CB55-CE9A-4804-B2AF-3C4915B462A9}.Release|Mixed Platforms.Build.0 = Release|x86
		{9674AAF9-2107-4BB6-9F93-129C2021296E}.Debug|Mixed Platforms.ActiveCfg = Debug|Any CPU
		{9674AAF9-2107-4BB6-9F93-129C2021296E}.Debug|Mixed Platforms.Build.0 = Debug|Any CPU
		{9674AAF9-2107-4BB6-9F93-129C2021296E}.Release|Mixed Platforms.ActiveCfg = Release|Any CPU
		{9674AAF9-2107-4BB6-9F93-129C2021296E}.Release|Mixed Platforms.Build.0 = Release|Any CPU
		{0451BAEF-DF2E-4B98-8644-94EE9415E389}.Debug|Mixed Platforms.ActiveCfg = Debug|Any CPU
		{0451BAEF-DF2E-4B98-8644-94EE9415E389}.Debug|Mixed Platforms.Build.0 = Debug|Any CPU
		{0451BAEF-DF2E-4B98-8644-94EE9415E389}.Release|Mixed Platforms.ActiveCfg = Release|Any CPU
		{0451BAEF-DF2E-4B98-8644-94EE9415E389}.Release|Mixed Platforms.Build.0 = Release|Any CPU
		{61AC4173-090B-482C-80B8-032E0C86F8A9}.Debug|Mixed Platforms.ActiveCfg = Debug|Any CPU
		{61AC4173-090B-482C-80B8-032E0C86F8A9}.Debug|Mixed Platforms.Build.0 = Debug|Any CPU
		{61AC4173-090B-482C-80B8-032E0C86F8A9}.Release|Mixed Platforms.ActiveCfg = Release|Any CPU
		{61AC4173-090B-482C-80B8-032E0C86F8A9}.Release|Mixed Platforms.Build.0 = Release|Any CPU
		{A45EE56A-AF2B-43EE-B85F-15825E527E80}.Debug|Mixed Platforms.ActiveCfg = Debug|Any CPU
		{A45EE56A-AF2B-43EE-B85F-15825E527E80}.Debug|Mixed Platforms.Build.0 = Debug|Any CPU
		{A45EE56A-AF2B-43EE-B85F-15825E527E80}.Release|Mixed Platforms.ActiveCfg = Release|Any CPU
		{A45EE56A-AF2B-43EE-B85F-15825E527E80}.Release|Mixed Platforms.Build.0 = Release|Any CPU
		{486B6663-A23B-4C7E-8738-74FD130DD823}.Debug|Mixed Platforms.ActiveCfg = Debug|Any CPU
		{486B6663-A23B-4C7E-8738-74FD130DD823}.Debug|Mixed Platforms.Build.0 = Debug|Any CPU
		{486B6663-A23B-4C7E-8738-74FD130DD823}.Release|Mixed Platforms.ActiveCfg = Release|Any CPU
		{486B6663-A23B-4C7E-8738-74FD130DD823}.Release|Mixed Platforms.Build.0 = Release|Any CPU
		{49FF9F4D-F0B5-424F-B584-6ECFAE117D31}.Debug|Mixed Platforms.ActiveCfg = Debug|x86
		{49FF9F4D-F0B5-424F-B584-6ECFAE117D31}.Debug|Mixed Platforms.Build.0 = Debug|x86
		{49FF9F4D-F0B5-424F-B584-6ECFAE117D31}.Release|Mixed Platforms.ActiveCfg = Release|x86
		{49FF9F4D-F0B5-424F-B584-6ECFAE117D31}.Release|Mixed Platforms.Build.0 = Release|x86
		{44D81ACC-4145-4220-88C3-DD5D8FE7FB81}.Debug|Mixed Platforms.ActiveCfg = Debug|Any CPU
		{44D81ACC-4145-4220-88C3-DD5D8FE7FB81}.Debug|Mixed Platforms.Build.0 = Debug|Any CPU
		{44D81ACC-4145-4220-88C3-DD5D8FE7FB81}.Release|Mixed Platforms.ActiveCfg = Release|Any CPU
		{44D81ACC-4145-4220-88C3-DD5D8FE7FB81}.Release|Mixed Platforms.Build.0 = Release|Any CPU
		{B9087E54-C162-48D5-B8A6-699947CCA112}.Debug|Mixed Platforms.ActiveCfg = Debug|Any CPU
		{B9087E54-C162-48D5-B8A6-699947CCA112}.Debug|Mixed Platforms.Build.0 = Debug|Any CPU
		{B9087E54-C162-48D5-B8A6-699947CCA112}.Release|Mixed Platforms.ActiveCfg = Release|Any CPU
		{B9087E54-C162-48D5-B8A6-699947CCA112}.Release|Mixed Platforms.Build.0 = Release|Any CPU
		{799A40A4-2AD7-43C4-B707-A729888D3A71}.Debug|Mixed Platforms.ActiveCfg = Debug|Any CPU
		{799A40A4-2AD7-43C4-B707-A729888D3A71}.Debug|Mixed Platforms.Build.0 = Debug|Any CPU
		{799A40A4-2AD7-43C4-B707-A729888D3A71}.Release|Mixed Platforms.ActiveCfg = Release|Any CPU
		{799A40A4-2AD7-43C4-B707-A729888D3A71}.Release|Mixed Platforms.Build.0 = Release|Any CPU
		{BC16772E-21F8-451F-9B16-B65BF5C289A1}.Debug|Mixed Platforms.ActiveCfg = Debug|x86
		{BC16772E-21F8-451F-9B16-B65BF5C289A1}.Debug|Mixed Platforms.Build.0 = Debug|x86
		{BC16772E-21F8-451F-9B16-B65BF5C289A1}.Release|Mixed Platforms.ActiveCfg = Release|x86
		{BC16772E-21F8-451F-9B16-B65BF5C289A1}.Release|Mixed Platforms.Build.0 = Release|x86
	EndGlobalSection
	GlobalSection(SolutionProperties) = preSolution
		HideSolutionNode = FALSE
	EndGlobalSection
	GlobalSection(NestedProjects) = preSolution
		{A421CB55-CE9A-4804-B2AF-3C4915B462A9} = {956197C6-19C3-4A7C-A0C9-E18CF9B7BCDF}
		{9674AAF9-2107-4BB6-9F93-129C2021296E} = {63AAEEB3-57BA-47C4-A52A-088C12BFB802}
		{0451BAEF-DF2E-4B98-8644-94EE9415E389} = {63AAEEB3-57BA-47C4-A52A-088C12BFB802}
		{61AC4173-090B-482C-80B8-032E0C86F8A9} = {956197C6-19C3-4A7C-A0C9-E18CF9B7BCDF}
		{486B6663-A23B-4C7E-8738-74FD130DD823} = {63AAEEB3-57BA-47C4-A52A-088C12BFB802}
		{49FF9F4D-F0B5-424F-B584-6ECFAE117D31} = {956197C6-19C3-4A7C-A0C9-E18CF9B7BCDF}
		{799A40A4-2AD7-43C4-B707-A729888D3A71} = {63AAEEB3-57BA-47C4-A52A-088C12BFB802}
		{BC16772E-21F8-451F-9B16-B65BF5C289A1} = {956197C6-19C3-4A7C-A0C9-E18CF9B7BCDF}
	EndGlobalSection
EndGlobal
