
Microsoft Visual Studio Solution File, Format Version 12.00
# Visual Studio 14
VisualStudioVersion = 14.0.24720.0
MinimumVisualStudioVersion = 10.0.40219.1
Project("{FAE04EC0-301F-11D3-BF4B-00C04F79EFBC}") = "SemVer.Svn.Fody", "SemVer.Svn.Fody\SemVer.Svn.Fody.csproj", "{A421CB55-CE9A-4804-B2AF-3C4915B462A9}"
EndProject
Project("{FAE04EC0-301F-11D3-BF4B-00C04F79EFBC}") = "SemVer.Git.Fody", "SemVer.Git.Fody\SemVer.Git.Fody.csproj", "{9674AAF9-2107-4BB6-9F93-129C2021296E}"
EndProject
Project("{FAE04EC0-301F-11D3-BF4B-00C04F79EFBC}") = "SemVer.Git.Fody.nupkg", "SemVer.Git.Fody.nupkg\SemVer.Git.Fody.nupkg.csproj", "{0451BAEF-DF2E-4B98-8644-94EE9415E389}"
EndProject
Project("{2150E333-8FDC-42A3-9474-1A3956D46DE8}") = "Solution Items", "Solution Items", "{4F9F4CA8-7041-4DE4-9146-1B350F87FCD8}"
	ProjectSection(SolutionItems) = preProject
		LICENSE = LICENSE
		README.md = README.md
	EndProjectSection
EndProject
Project("{FAE04EC0-301F-11D3-BF4B-00C04F79EFBC}") = "SemVer.Svn.Fody.nupkg", "SemVer.Svn.Fody.nupkg\SemVer.Svn.Fody.nupkg.csproj", "{61AC4173-090B-482C-80B8-032E0C86F8A9}"
EndProject
Project("{FAE04EC0-301F-11D3-BF4B-00C04F79EFBC}") = "SemVer.Fody.Tests", "SemVer.Fody.Tests\SemVer.Fody.Tests.csproj", "{A45EE56A-AF2B-43EE-B85F-15825E527E80}"
EndProject
Project("{FAE04EC0-301F-11D3-BF4B-00C04F79EFBC}") = "SemVer.Git.Fody.Console", "SemVer.Git.Fody.Console\SemVer.Git.Fody.Console.csproj", "{486B6663-A23B-4C7E-8738-74FD130DD823}"
EndProject
Project("{FAE04EC0-301F-11D3-BF4B-00C04F79EFBC}") = "SemVer.Svn.Fody.Console", "SemVer.Svn.Fody.Console\SemVer.Svn.Fody.Console.csproj", "{49FF9F4D-F0B5-424F-B584-6ECFAE117D31}"
EndProject
Global
	GlobalSection(SolutionConfigurationPlatforms) = preSolution
		Debug|Any CPU = Debug|Any CPU
		Release|Any CPU = Release|Any CPU
	EndGlobalSection
	GlobalSection(ProjectConfigurationPlatforms) = postSolution
		{A421CB55-CE9A-4804-B2AF-3C4915B462A9}.Debug|Any CPU.ActiveCfg = Debug|Any CPU
		{A421CB55-CE9A-4804-B2AF-3C4915B462A9}.Debug|Any CPU.Build.0 = Debug|Any CPU
		{A421CB55-CE9A-4804-B2AF-3C4915B462A9}.Release|Any CPU.ActiveCfg = Release|Any CPU
		{A421CB55-CE9A-4804-B2AF-3C4915B462A9}.Release|Any CPU.Build.0 = Release|Any CPU
		{9674AAF9-2107-4BB6-9F93-129C2021296E}.Debug|Any CPU.ActiveCfg = Debug|Any CPU
		{9674AAF9-2107-4BB6-9F93-129C2021296E}.Debug|Any CPU.Build.0 = Debug|Any CPU
		{9674AAF9-2107-4BB6-9F93-129C2021296E}.Release|Any CPU.ActiveCfg = Release|Any CPU
		{9674AAF9-2107-4BB6-9F93-129C2021296E}.Release|Any CPU.Build.0 = Release|Any CPU
		{0451BAEF-DF2E-4B98-8644-94EE9415E389}.Debug|Any CPU.ActiveCfg = Debug|Any CPU
		{0451BAEF-DF2E-4B98-8644-94EE9415E389}.Debug|Any CPU.Build.0 = Debug|Any CPU
		{0451BAEF-DF2E-4B98-8644-94EE9415E389}.Release|Any CPU.ActiveCfg = Release|Any CPU
		{0451BAEF-DF2E-4B98-8644-94EE9415E389}.Release|Any CPU.Build.0 = Release|Any CPU
		{61AC4173-090B-482C-80B8-032E0C86F8A9}.Debug|Any CPU.ActiveCfg = Debug|Any CPU
		{61AC4173-090B-482C-80B8-032E0C86F8A9}.Debug|Any CPU.Build.0 = Debug|Any CPU
		{61AC4173-090B-482C-80B8-032E0C86F8A9}.Release|Any CPU.ActiveCfg = Release|Any CPU
		{61AC4173-090B-482C-80B8-032E0C86F8A9}.Release|Any CPU.Build.0 = Release|Any CPU
		{A45EE56A-AF2B-43EE-B85F-15825E527E80}.Debug|Any CPU.ActiveCfg = Debug|Any CPU
		{A45EE56A-AF2B-43EE-B85F-15825E527E80}.Debug|Any CPU.Build.0 = Debug|Any CPU
		{A45EE56A-AF2B-43EE-B85F-15825E527E80}.Release|Any CPU.ActiveCfg = Release|Any CPU
		{A45EE56A-AF2B-43EE-B85F-15825E527E80}.Release|Any CPU.Build.0 = Release|Any CPU
		{486B6663-A23B-4C7E-8738-74FD130DD823}.Debug|Any CPU.ActiveCfg = Debug|Any CPU
		{486B6663-A23B-4C7E-8738-74FD130DD823}.Debug|Any CPU.Build.0 = Debug|Any CPU
		{486B6663-A23B-4C7E-8738-74FD130DD823}.Release|Any CPU.ActiveCfg = Release|Any CPU
		{486B6663-A23B-4C7E-8738-74FD130DD823}.Release|Any CPU.Build.0 = Release|Any CPU
		{49FF9F4D-F0B5-424F-B584-6ECFAE117D31}.Debug|Any CPU.ActiveCfg = Debug|Any CPU
		{49FF9F4D-F0B5-424F-B584-6ECFAE117D31}.Debug|Any CPU.Build.0 = Debug|Any CPU
		{49FF9F4D-F0B5-424F-B584-6ECFAE117D31}.Release|Any CPU.ActiveCfg = Release|Any CPU
		{49FF9F4D-F0B5-424F-B584-6ECFAE117D31}.Release|Any CPU.Build.0 = Release|Any CPU
	EndGlobalSection
	GlobalSection(SolutionProperties) = preSolution
		HideSolutionNode = FALSE
	EndGlobalSection
EndGlobal
